
Microsoft Visual Studio Solution File, Format Version 12.00
# Visual Studio Version 17
VisualStudioVersion = 17.7.34024.191
MinimumVisualStudioVersion = 10.0.40219.1
Project("{FAE04EC0-301F-11D3-BF4B-00C04F79EFBC}") = "hand_client", "hand_client.csproj", "{87AC345A-9F76-4802-8890-26F13543ABFA}"
EndProject
Global
	GlobalSection(SolutionConfigurationPlatforms) = preSolution
		Debug|Any CPU = Debug|Any CPU
		Release|Any CPU = Release|Any CPU
	EndGlobalSection
	GlobalSection(ProjectConfigurationPlatforms) = postSolution
		{87AC345A-9F76-4802-8890-26F13543ABFA}.Debug|Any CPU.ActiveCfg = Debug|Any CPU
		{87AC345A-9F76-4802-8890-26F13543ABFA}.Debug|Any CPU.Build.0 = Debug|Any CPU
		{87AC345A-9F76-4802-8890-26F13543ABFA}.Release|Any CPU.ActiveCfg = Release|Any CPU
		{87AC345A-9F76-4802-8890-26F13543ABFA}.Release|Any CPU.Build.0 = Release|Any CPU
	EndGlobalSection
	GlobalSection(SolutionProperties) = preSolution
		HideSolutionNode = FALSE
	EndGlobalSection
	GlobalSection(ExtensibilityGlobals) = postSolution
		SolutionGuid = {B194069C-48DD-4D1D-924D-CA36A6D5BD50}
	EndGlobalSection
EndGlobal
